{
  "nodes": {
    "cabal-src": {
      "flake": false,
      "locked": {
        "lastModified": 1778356437,
        "narHash": "sha256-I3J8gjzaVlE+uTzmkMennZKnHFil0ZmVUjqmhyxFD2Y=",
        "owner": "haskell",
        "repo": "cabal",
        "rev": "4db95b6de6e83919ab39bc208778512ec33e3f57",
        "type": "github"
      },
      "original": {
        "owner": "haskell",
        "repo": "cabal",
        "type": "github"
      }
    },
    "hls-src": {
      "flake": false,
      "locked": {
        "lastModified": 1778327701,
        "narHash": "sha256-MHhcsrZsR2do97gle6zEw3nRfPRmpKuWhYhyd4SIBAk=",
        "owner": "haskell",
        "repo": "haskell-language-server",
        "rev": "f158128ec034bec1667c440262641086bbb4d359",
        "type": "github"
      },
      "original": {
        "owner": "haskell",
        "repo": "haskell-language-server",
        "type": "github"
      }
    },
    "nixpkgs": {
      "locked": {
        "lastModified": 1778274207,
        "narHash": "sha256-I4puXmX1iovcCHZlRmztO3vW0mAbbRvq4F8wgIMQ1MM=",
        "owner": "NixOS",
        "repo": "nixpkgs",
        "rev": "b3da656039dc7a6240f27b2ef8cc6a3ef3bccae7",
        "type": "github"
      },
      "original": {
        "id": "nixpkgs",
        "ref": "nixpkgs-unstable",
        "type": "indirect"
      }
    },
    "root": {
      "inputs": {
        "cabal-src": "cabal-src",
        "hls-src": "hls-src",
        "nixpkgs": "nixpkgs",
        "utils": "utils"
      }
    },
    "systems": {
      "locked": {
        "lastModified": 1681028828,
        "narHash": "sha256-Vy1rq5AaRuLzOxct8nz4T6wlgyUR7zLU309k9mBC768=",
        "owner": "nix-systems",
        "repo": "default",
        "rev": "da67096a3b9bf56a91d16901293e51ba5b49a27e",
        "type": "github"
      },
      "original": {
        "owner": "nix-systems",
        "repo": "default",
        "type": "github"
      }
    },
    "utils": {
      "inputs": {
        "systems": "systems"
      },
      "locked": {
        "lastModified": 1731533236,
        "narHash": "sha256-l0KFg5HjrsfsO/JpG+r7fRrqm12kzFHyUHqHCVpMMbI=",
        "owner": "numtide",
        "repo": "flake-utils",
        "rev": "11707dc2f618dd54ca8739b309ec4fc024de578b",
        "type": "github"
      },
      "original": {
        "owner": "numtide",
        "repo": "flake-utils",
        "type": "github"
      }
    }
  },
  "root": "root",
  "version": 7
}
